
Microsoft Visual Studio Solution File, Format Version 12.00
# Visual Studio Version 16
VisualStudioVersion = 25.0.1706.7
MinimumVisualStudioVersion = 10.0.40219.1
Project("{FAE04EC0-301F-11D3-BF4B-00C04F79EFBC}") = "AbstractClasses", "AbstractClasses.csproj", "{FD5CA661-725B-48D1-8A19-7191CA869844}"
EndProject
Global
	GlobalSection(SolutionConfigurationPlatforms) = preSolution
		Debug|Any CPU = Debug|Any CPU
		Release|Any CPU = Release|Any CPU
	EndGlobalSection
	GlobalSection(ProjectConfigurationPlatforms) = postSolution
		{FD5CA661-725B-48D1-8A19-7191CA869844}.Debug|Any CPU.ActiveCfg = Debug|Any CPU
		{FD5CA661-725B-48D1-8A19-7191CA869844}.Debug|Any CPU.Build.0 = Debug|Any CPU
		{FD5CA661-725B-48D1-8A19-7191CA869844}.Release|Any CPU.ActiveCfg = Release|Any CPU
		{FD5CA661-725B-48D1-8A19-7191CA869844}.Release|Any CPU.Build.0 = Release|Any CPU
	EndGlobalSection
	GlobalSection(SolutionProperties) = preSolution
		HideSolutionNode = FALSE
	EndGlobalSection
	GlobalSection(ExtensibilityGlobals) = postSolution
		SolutionGuid = {E59C2D34-7633-43D7-8C99-71F8BCA645E8}
	EndGlobalSection
EndGlobal
